<?xml version="1.0" encoding="utf-8"?>
<Project ToolsVersion="4.0" xmlns="http://schemas.microsoft.com/developer/msbuild/2003">
  <ItemGroup>
    <Filter Include="Main">
      <UniqueIdentifier>{6bcea267-6a47-43ad-a908-909f220b23e4}</UniqueIdentifier>
    </Filter>
    <Filter Include="Proto">
      <UniqueIdentifier>{63b095d8-67c6-44e3-88dc-cfb72d6f7428}</UniqueIdentifier>
    </Filter>
  </ItemGroup>
  <ItemGroup>
    <ClCompile Include="pch.cpp" />
    <ClCompile Include="ClientPacketHandler.cpp">
      <Filter>Main</Filter>
    </ClCompile>
    <ClCompile Include="DummyClient.cpp">
      <Filter>Main</Filter>
    </ClCompile>
    <ClCompile Include="Enum.pb.cc">
      <Filter>Proto</Filter>
    </ClCompile>
    <ClCompile Include="Protocol.pb.cc">
      <Filter>Proto</Filter>
    </ClCompile>
    <ClCompile Include="Struct.pb.cc">
      <Filter>Proto</Filter>
    </ClCompile>
  </ItemGroup>
  <ItemGroup>
    <ClInclude Include="pch.h" />
    <ClInclude Include="ClientPacketHandler.h">
      <Filter>Main</Filter>
    </ClInclude>
    <ClInclude Include="Enum.pb.h">
      <Filter>Proto</Filter>
    </ClInclude>
    <ClInclude Include="Protocol.pb.h">
      <Filter>Proto</Filter>
    </ClInclude>
    <ClInclude Include="Struct.pb.h">
      <Filter>Proto</Filter>
    </ClInclude>
  </ItemGroup>
</Project>