<?xml version="1.0" encoding="utf-8"?>
<Project ToolsVersion="4.0" xmlns="http://schemas.microsoft.com/developer/msbuild/2003">
  <ItemGroup>
    <Filter Include="Main">
      <UniqueIdentifier>{93c7ab7e-dfdb-41c9-9adf-193caa5fb832}</UniqueIdentifier>
    </Filter>
    <Filter Include="Unused">
      <UniqueIdentifier>{022d5927-21be-4f34-9ad9-33c6ec6771a4}</UniqueIdentifier>
    </Filter>
    <Filter Include="Protobuf">
      <UniqueIdentifier>{7f82a317-a0c4-4157-8647-489d6a1c3c38}</UniqueIdentifier>
    </Filter>
    <Filter Include="DB/NotUse">
      <UniqueIdentifier>{09ce3aa9-c821-4163-b7dc-4320b8bdbe78}</UniqueIdentifier>
    </Filter>
    <Filter Include="DB/NotUse\Common/Templates">
      <UniqueIdentifier>{2cc17645-879c-4cf6-af71-731e97bdce1d}</UniqueIdentifier>
    </Filter>
    <Filter Include="ProtoUtils">
      <UniqueIdentifier>{248c714a-3ff0-4c61-824a-f923e633b444}</UniqueIdentifier>
    </Filter>
    <Filter Include="ProtoUtils\Proto">
      <UniqueIdentifier>{4e07263d-aae2-4a4a-8dd0-ac16460adc12}</UniqueIdentifier>
    </Filter>
    <Filter Include="ProtoUtils\Common/Templates">
      <UniqueIdentifier>{dad1ac2e-f33a-4b7e-9404-609996560ab6}</UniqueIdentifier>
    </Filter>
    <Filter Include="ServerUtils">
      <UniqueIdentifier>{d1a199be-22df-4661-92ec-d1f0e7c55bcf}</UniqueIdentifier>
    </Filter>
    <Filter Include="GameContents">
      <UniqueIdentifier>{f1190c23-5755-41fd-926e-21f8e12a7fb4}</UniqueIdentifier>
    </Filter>
    <Filter Include="GameContents\Object">
      <UniqueIdentifier>{8318dfcc-e478-417f-b900-f8116e272a5d}</UniqueIdentifier>
    </Filter>
    <Filter Include="GameContents\Object\NotUsed">
      <UniqueIdentifier>{04994b73-905c-4904-9b0c-1bc4987dbbb0}</UniqueIdentifier>
    </Filter>
  </ItemGroup>
  <ItemGroup>
    <ClCompile Include="ConcurrentStack.cpp">
      <Filter>Unused</Filter>
    </ClCompile>
    <ClCompile Include="UnusedSource.cpp">
      <Filter>Unused</Filter>
    </ClCompile>
    <ClCompile Include="ConcurrentQueue.cpp">
      <Filter>Unused</Filter>
    </ClCompile>
    <ClCompile Include="GameServer.cpp">
      <Filter>Main</Filter>
    </ClCompile>
    <ClCompile Include="AccountManager.cpp">
      <Filter>Unused</Filter>
    </ClCompile>
    <ClCompile Include="PlayerManager.cpp">
      <Filter>Unused</Filter>
    </ClCompile>
    <ClCompile Include="GameSession.cpp">
      <Filter>Main</Filter>
    </ClCompile>
    <ClCompile Include="GameSessionManager.cpp">
      <Filter>Main</Filter>
    </ClCompile>
    <ClCompile Include="ServerPacketHandler.cpp">
      <Filter>Main</Filter>
    </ClCompile>
    <ClCompile Include="Protocol.pb.cc">
      <Filter>Protobuf</Filter>
    </ClCompile>
    <ClCompile Include="Struct.pb.cc">
      <Filter>Protobuf</Filter>
    </ClCompile>
    <ClCompile Include="Enum.pb.cc">
      <Filter>Protobuf</Filter>
    </ClCompile>
    <ClCompile Include="Room.cpp">
      <Filter>GameContents</Filter>
    </ClCompile>
    <ClCompile Include="Job.cpp">
      <Filter>Unused</Filter>
    </ClCompile>
    <ClCompile Include="pch.cpp">
      <Filter>Main</Filter>
    </ClCompile>
    <ClCompile Include="ServerUtils.cpp">
      <Filter>ServerUtils</Filter>
    </ClCompile>
    <ClCompile Include="ObjectUtils.cpp">
      <Filter>ServerUtils</Filter>
    </ClCompile>
    <ClCompile Include="Player.cpp">
      <Filter>GameContents\Object</Filter>
    </ClCompile>
    <ClCompile Include="Creature.cpp">
      <Filter>GameContents\Object</Filter>
    </ClCompile>
    <ClCompile Include="Object.cpp">
      <Filter>GameContents\Object</Filter>
    </ClCompile>
    <ClCompile Include="Monster.cpp">
      <Filter>GameContents\Object\NotUsed</Filter>
    </ClCompile>
  </ItemGroup>
  <ItemGroup>
    <ClInclude Include="ConcurrentQueue.h">
      <Filter>Unused</Filter>
    </ClInclude>
    <ClInclude Include="ConcurrentStack.h">
      <Filter>Unused</Filter>
    </ClInclude>
    <ClInclude Include="AccountManager.h">
      <Filter>Unused</Filter>
    </ClInclude>
    <ClInclude Include="PlayerManager.h">
      <Filter>Unused</Filter>
    </ClInclude>
    <ClInclude Include="GameSession.h">
      <Filter>Main</Filter>
    </ClInclude>
    <ClInclude Include="GameSessionManager.h">
      <Filter>Main</Filter>
    </ClInclude>
    <ClInclude Include="ServerPacketHandler.h">
      <Filter>Main</Filter>
    </ClInclude>
    <ClInclude Include="Protocol.pb.h">
      <Filter>Protobuf</Filter>
    </ClInclude>
    <ClInclude Include="Struct.pb.h">
      <Filter>Protobuf</Filter>
    </ClInclude>
    <ClInclude Include="Enum.pb.h">
      <Filter>Protobuf</Filter>
    </ClInclude>
    <ClInclude Include="..\Common\protobuf\bin\Templates\PacketHandler.h">
      <Filter>ProtoUtils\Common/Templates</Filter>
    </ClInclude>
    <ClInclude Include="Room.h">
      <Filter>GameContents</Filter>
    </ClInclude>
    <ClInclude Include="Job.h">
      <Filter>Unused</Filter>
    </ClInclude>
    <ClInclude Include="GenProcedures.h">
      <Filter>DB/NotUse</Filter>
    </ClInclude>
    <ClInclude Include="..\Common\Procedures\Templates\Procedure.h">
      <Filter>DB/NotUse\Common/Templates</Filter>
    </ClInclude>
    <ClInclude Include="..\Common\Procedures\Templates\GenProcedures.h">
      <Filter>DB/NotUse\Common/Templates</Filter>
    </ClInclude>
    <ClInclude Include="pch.h">
      <Filter>Main</Filter>
    </ClInclude>
    <ClInclude Include="ObjectUtils.h">
      <Filter>ServerUtils</Filter>
    </ClInclude>
    <ClInclude Include="ServerUtils.h">
      <Filter>ServerUtils</Filter>
    </ClInclude>
    <ClInclude Include="Player.h">
      <Filter>GameContents\Object</Filter>
    </ClInclude>
    <ClInclude Include="Creature.h">
      <Filter>GameContents\Object</Filter>
    </ClInclude>
    <ClInclude Include="Object.h">
      <Filter>GameContents\Object</Filter>
    </ClInclude>
    <ClInclude Include="Monster.h">
      <Filter>GameContents\Object\NotUsed</Filter>
    </ClInclude>
  </ItemGroup>
  <ItemGroup>
    <None Include="..\Common\protobuf\bin\Struct.proto">
      <Filter>ProtoUtils\Proto</Filter>
    </None>
    <None Include="..\Common\protobuf\bin\Protocol.proto">
      <Filter>ProtoUtils\Proto</Filter>
    </None>
    <None Include="..\Common\protobuf\bin\Enum.proto">
      <Filter>ProtoUtils\Proto</Filter>
    </None>
    <None Include="..\Common\protobuf\bin\GenPackets.bat">
      <Filter>ProtoUtils\Proto</Filter>
    </None>
    <None Include="..\Common\Procedures\GenProcs.bat">
      <Filter>DB/NotUse</Filter>
    </None>
  </ItemGroup>
  <ItemGroup>
    <Xml Include="GameDB.xml">
      <Filter>DB/NotUse</Filter>
    </Xml>
  </ItemGroup>
</Project>