<?xml version="1.0" encoding="utf-8"?>
<Project ToolsVersion="4.0" xmlns="http://schemas.microsoft.com/developer/msbuild/2003">
  <ItemGroup>
    <Filter Include="Utils">
      <UniqueIdentifier>{a842467e-a3f7-4b94-a416-3053ad3df5fb}</UniqueIdentifier>
    </Filter>
    <Filter Include="Main">
      <UniqueIdentifier>{bffdecc8-7809-4ce1-b5b4-333b50238ceb}</UniqueIdentifier>
    </Filter>
    <Filter Include="Thread">
      <UniqueIdentifier>{1145d866-1180-49b7-b407-3e9c71abb280}</UniqueIdentifier>
    </Filter>
    <Filter Include="Network">
      <UniqueIdentifier>{1419cd60-b968-4bfe-95f1-309d917ed3c0}</UniqueIdentifier>
    </Filter>
    <Filter Include="Job">
      <UniqueIdentifier>{9c967aeb-2964-4354-9b47-48afcdb97f97}</UniqueIdentifier>
    </Filter>
    <Filter Include="Log">
      <UniqueIdentifier>{b9f26312-b19d-47d9-a074-8ce1043cd62c}</UniqueIdentifier>
    </Filter>
    <Filter Include="XML/NotUse">
      <UniqueIdentifier>{018e3387-e758-4d47-b2e5-abc646348413}</UniqueIdentifier>
    </Filter>
    <Filter Include="Memory/NotUse">
      <UniqueIdentifier>{114a25a5-181f-4ad1-aeda-d84cba7d1614}</UniqueIdentifier>
    </Filter>
    <Filter Include="DB/NotUse">
      <UniqueIdentifier>{a6b56ea2-3fed-44d3-a05c-70cf53924ef6}</UniqueIdentifier>
    </Filter>
    <Filter Include="Thread\NotUse">
      <UniqueIdentifier>{15c20960-0ed7-41e1-99cc-ffe7dbd3b2dd}</UniqueIdentifier>
    </Filter>
    <Filter Include="Utils\NotUse">
      <UniqueIdentifier>{93483e91-6484-47fe-9898-a821b271fead}</UniqueIdentifier>
    </Filter>
  </ItemGroup>
  <ItemGroup>
    <ClCompile Include="CorePch.cpp">
      <Filter>Main</Filter>
    </ClCompile>
    <ClCompile Include="pch.cpp">
      <Filter>Main</Filter>
    </ClCompile>
    <ClCompile Include="CoreGlobal.cpp">
      <Filter>Main</Filter>
    </ClCompile>
    <ClCompile Include="CoreTLS.cpp">
      <Filter>Main</Filter>
    </ClCompile>
    <ClCompile Include="ThreadManager.cpp">
      <Filter>Thread</Filter>
    </ClCompile>
    <ClCompile Include="RefCounting.cpp">
      <Filter>Memory/NotUse</Filter>
    </ClCompile>
    <ClCompile Include="Allocator.cpp">
      <Filter>Memory/NotUse</Filter>
    </ClCompile>
    <ClCompile Include="Memory.cpp">
      <Filter>Memory/NotUse</Filter>
    </ClCompile>
    <ClCompile Include="MemoryPool.cpp">
      <Filter>Memory/NotUse</Filter>
    </ClCompile>
    <ClCompile Include="ObjectPool.cpp">
      <Filter>Memory/NotUse</Filter>
    </ClCompile>
    <ClCompile Include="NetAddress.cpp">
      <Filter>Network</Filter>
    </ClCompile>
    <ClCompile Include="IocpCore.cpp">
      <Filter>Network</Filter>
    </ClCompile>
    <ClCompile Include="IocpEvent.cpp">
      <Filter>Network</Filter>
    </ClCompile>
    <ClCompile Include="Listener.cpp">
      <Filter>Network</Filter>
    </ClCompile>
    <ClCompile Include="Session.cpp">
      <Filter>Network</Filter>
    </ClCompile>
    <ClCompile Include="Service.cpp">
      <Filter>Network</Filter>
    </ClCompile>
    <ClCompile Include="RecvBuffer.cpp">
      <Filter>Network</Filter>
    </ClCompile>
    <ClCompile Include="SendBuffer.cpp">
      <Filter>Network</Filter>
    </ClCompile>
    <ClCompile Include="Job.cpp">
      <Filter>Job</Filter>
    </ClCompile>
    <ClCompile Include="JobQueue.cpp">
      <Filter>Job</Filter>
    </ClCompile>
    <ClCompile Include="GlobalQueue.cpp">
      <Filter>Job</Filter>
    </ClCompile>
    <ClCompile Include="LockQueue.cpp">
      <Filter>Utils</Filter>
    </ClCompile>
    <ClCompile Include="JobTimer.cpp">
      <Filter>Job</Filter>
    </ClCompile>
    <ClCompile Include="DBConnection.cpp">
      <Filter>DB/NotUse</Filter>
    </ClCompile>
    <ClCompile Include="DBConnectionPool.cpp">
      <Filter>DB/NotUse</Filter>
    </ClCompile>
    <ClCompile Include="DBBind.cpp">
      <Filter>DB/NotUse</Filter>
    </ClCompile>
    <ClCompile Include="XmlParser.cpp">
      <Filter>XML/NotUse</Filter>
    </ClCompile>
    <ClCompile Include="ConsoleLog.cpp">
      <Filter>Log</Filter>
    </ClCompile>
    <ClCompile Include="DBModel.cpp">
      <Filter>DB/NotUse</Filter>
    </ClCompile>
    <ClCompile Include="DBSynchronizer.cpp">
      <Filter>DB/NotUse</Filter>
    </ClCompile>
    <ClCompile Include="DeadLockProfiler.cpp">
      <Filter>Thread\NotUse</Filter>
    </ClCompile>
    <ClCompile Include="Lock.cpp">
      <Filter>Thread\NotUse</Filter>
    </ClCompile>
    <ClCompile Include="FileUtils.cpp">
      <Filter>Utils\NotUse</Filter>
    </ClCompile>
    <ClCompile Include="SocketUtils.cpp">
      <Filter>Network</Filter>
    </ClCompile>
    <ClCompile Include="BufferReader.cpp">
      <Filter>Utils\NotUse</Filter>
    </ClCompile>
    <ClCompile Include="BufferWriter.cpp">
      <Filter>Utils\NotUse</Filter>
    </ClCompile>
  </ItemGroup>
  <ItemGroup>
    <ClInclude Include="CorePch.h">
      <Filter>Main</Filter>
    </ClInclude>
    <ClInclude Include="pch.h">
      <Filter>Main</Filter>
    </ClInclude>
    <ClInclude Include="CoreGlobal.h">
      <Filter>Main</Filter>
    </ClInclude>
    <ClInclude Include="CoreMacro.h">
      <Filter>Main</Filter>
    </ClInclude>
    <ClInclude Include="CoreTLS.h">
      <Filter>Main</Filter>
    </ClInclude>
    <ClInclude Include="ThreadManager.h">
      <Filter>Thread</Filter>
    </ClInclude>
    <ClInclude Include="Types.h">
      <Filter>Main</Filter>
    </ClInclude>
    <ClInclude Include="RefCounting.h">
      <Filter>Memory/NotUse</Filter>
    </ClInclude>
    <ClInclude Include="Allocator.h">
      <Filter>Memory/NotUse</Filter>
    </ClInclude>
    <ClInclude Include="Memory.h">
      <Filter>Memory/NotUse</Filter>
    </ClInclude>
    <ClInclude Include="Container.h">
      <Filter>Memory/NotUse</Filter>
    </ClInclude>
    <ClInclude Include="MemoryPool.h">
      <Filter>Memory/NotUse</Filter>
    </ClInclude>
    <ClInclude Include="TypeCast.h">
      <Filter>Memory/NotUse</Filter>
    </ClInclude>
    <ClInclude Include="ObjectPool.h">
      <Filter>Memory/NotUse</Filter>
    </ClInclude>
    <ClInclude Include="SocketUtils.h">
      <Filter>Network</Filter>
    </ClInclude>
    <ClInclude Include="NetAddress.h">
      <Filter>Network</Filter>
    </ClInclude>
    <ClInclude Include="IocpCore.h">
      <Filter>Network</Filter>
    </ClInclude>
    <ClInclude Include="IocpEvent.h">
      <Filter>Network</Filter>
    </ClInclude>
    <ClInclude Include="Listener.h">
      <Filter>Network</Filter>
    </ClInclude>
    <ClInclude Include="Session.h">
      <Filter>Network</Filter>
    </ClInclude>
    <ClInclude Include="Service.h">
      <Filter>Network</Filter>
    </ClInclude>
    <ClInclude Include="RecvBuffer.h">
      <Filter>Network</Filter>
    </ClInclude>
    <ClInclude Include="SendBuffer.h">
      <Filter>Network</Filter>
    </ClInclude>
    <ClInclude Include="Job.h">
      <Filter>Job</Filter>
    </ClInclude>
    <ClInclude Include="JobQueue.h">
      <Filter>Job</Filter>
    </ClInclude>
    <ClInclude Include="GlobalQueue.h">
      <Filter>Job</Filter>
    </ClInclude>
    <ClInclude Include="LockQueue.h">
      <Filter>Utils</Filter>
    </ClInclude>
    <ClInclude Include="DBConnection.h">
      <Filter>DB/NotUse</Filter>
    </ClInclude>
    <ClInclude Include="DBConnectionPool.h">
      <Filter>DB/NotUse</Filter>
    </ClInclude>
    <ClInclude Include="DBBind.h">
      <Filter>DB/NotUse</Filter>
    </ClInclude>
    <ClInclude Include="rapidxml_utils.hpp">
      <Filter>XML/NotUse</Filter>
    </ClInclude>
    <ClInclude Include="rapidxml.hpp">
      <Filter>XML/NotUse</Filter>
    </ClInclude>
    <ClInclude Include="rapidxml_iterators.hpp">
      <Filter>XML/NotUse</Filter>
    </ClInclude>
    <ClInclude Include="rapidxml_print.hpp">
      <Filter>XML/NotUse</Filter>
    </ClInclude>
    <ClInclude Include="XmlParser.h">
      <Filter>XML/NotUse</Filter>
    </ClInclude>
    <ClInclude Include="ConsoleLog.h">
      <Filter>Log</Filter>
    </ClInclude>
    <ClInclude Include="DBModel.h">
      <Filter>DB/NotUse</Filter>
    </ClInclude>
    <ClInclude Include="DBSynchronizer.h">
      <Filter>DB/NotUse</Filter>
    </ClInclude>
    <ClInclude Include="JobTimer.h">
      <Filter>Job</Filter>
    </ClInclude>
    <ClInclude Include="Lock.h">
      <Filter>Thread\NotUse</Filter>
    </ClInclude>
    <ClInclude Include="DeadLockProfiler.h">
      <Filter>Thread\NotUse</Filter>
    </ClInclude>
    <ClInclude Include="FileUtils.h">
      <Filter>Utils\NotUse</Filter>
    </ClInclude>
    <ClInclude Include="BufferWriter.h">
      <Filter>Utils\NotUse</Filter>
    </ClInclude>
    <ClInclude Include="BufferReader.h">
      <Filter>Utils\NotUse</Filter>
    </ClInclude>
  </ItemGroup>
</Project>